
Microsoft Visual Studio Solution File, Format Version 12.00
# Visual Studio 15
VisualStudioVersion = 15.0.28307.1169
MinimumVisualStudioVersion = 10.0.40219.1
Project("{FAE04EC0-301F-11D3-BF4B-00C04F79EFBC}") = "EMS201724112119", "EMS201724112119\EMS201724112119.csproj", "{EC2C1617-3170-4CA0-9D82-8AADCD7BD587}"
EndProject
Global
	GlobalSection(SolutionConfigurationPlatforms) = preSolution
		Debug|Any CPU = Debug|Any CPU
		Release|Any CPU = Release|Any CPU
	EndGlobalSection
	GlobalSection(ProjectConfigurationPlatforms) = postSolution
		{EC2C1617-3170-4CA0-9D82-8AADCD7BD587}.Debug|Any CPU.ActiveCfg = Debug|Any CPU
		{EC2C1617-3170-4CA0-9D82-8AADCD7BD587}.Debug|Any CPU.Build.0 = Debug|Any CPU
		{EC2C1617-3170-4CA0-9D82-8AADCD7BD587}.Release|Any CPU.ActiveCfg = Release|Any CPU
		{EC2C1617-3170-4CA0-9D82-8AADCD7BD587}.Release|Any CPU.Build.0 = Release|Any CPU
	EndGlobalSection
	GlobalSection(SolutionProperties) = preSolution
		HideSolutionNode = FALSE
	EndGlobalSection
	GlobalSection(ExtensibilityGlobals) = postSolution
		SolutionGuid = {A72C8AD9-D4A0-442D-AD71-BB46B3450B89}
	EndGlobalSection
EndGlobal
